
Microsoft Visual Studio Solution File, Format Version 12.00
# Visual Studio Version 17
VisualStudioVersion = 17.9.34701.34
MinimumVisualStudioVersion = 10.0.40219.1
Project("{9A19103F-16F7-4668-BE54-9A1E7A4F7556}") = "GestionAlmacenFront", "WebApplication1\GestionAlmacenFront.csproj", "{F17AEC35-F3A8-44B6-9C3C-DBD15762A24C}"
EndProject
Global
	GlobalSection(SolutionConfigurationPlatforms) = preSolution
		Debug|Any CPU = Debug|Any CPU
		Release|Any CPU = Release|Any CPU
	EndGlobalSection
	GlobalSection(ProjectConfigurationPlatforms) = postSolution
		{F17AEC35-F3A8-44B6-9C3C-DBD15762A24C}.Debug|Any CPU.ActiveCfg = Debug|Any CPU
		{F17AEC35-F3A8-44B6-9C3C-DBD15762A24C}.Debug|Any CPU.Build.0 = Debug|Any CPU
		{F17AEC35-F3A8-44B6-9C3C-DBD15762A24C}.Release|Any CPU.ActiveCfg = Release|Any CPU
		{F17AEC35-F3A8-44B6-9C3C-DBD15762A24C}.Release|Any CPU.Build.0 = Release|Any CPU
	EndGlobalSection
	GlobalSection(SolutionProperties) = preSolution
		HideSolutionNode = FALSE
	EndGlobalSection
	GlobalSection(ExtensibilityGlobals) = postSolution
		SolutionGuid = {39D662CE-173C-409D-A90E-0182626FF84E}
	EndGlobalSection
EndGlobal
